
Microsoft Visual Studio Solution File, Format Version 12.00
# Visual Studio 15
VisualStudioVersion = 15.0.27130.2010
MinimumVisualStudioVersion = 10.0.40219.1
Project("{FAE04EC0-301F-11D3-BF4B-00C04F79EFBC}") = "Chamados", "Chamados\Chamados.csproj", "{CBA29BB6-C9AA-4F73-8716-B05AB505FD2A}"
EndProject
Global
	GlobalSection(SolutionConfigurationPlatforms) = preSolution
		Debug|Any CPU = Debug|Any CPU
		Release|Any CPU = Release|Any CPU
	EndGlobalSection
	GlobalSection(ProjectConfigurationPlatforms) = postSolution
		{CBA29BB6-C9AA-4F73-8716-B05AB505FD2A}.Debug|Any CPU.ActiveCfg = Debug|Any CPU
		{CBA29BB6-C9AA-4F73-8716-B05AB505FD2A}.Debug|Any CPU.Build.0 = Debug|Any CPU
		{CBA29BB6-C9AA-4F73-8716-B05AB505FD2A}.Release|Any CPU.ActiveCfg = Release|Any CPU
		{CBA29BB6-C9AA-4F73-8716-B05AB505FD2A}.Release|Any CPU.Build.0 = Release|Any CPU
	EndGlobalSection
	GlobalSection(SolutionProperties) = preSolution
		HideSolutionNode = FALSE
	EndGlobalSection
	GlobalSection(ExtensibilityGlobals) = postSolution
		SolutionGuid = {8C356468-6E86-4137-9DFF-AAE8A621CD4D}
	EndGlobalSection
EndGlobal
